
Microsoft Visual Studio Solution File, Format Version 12.00
# Visual Studio Version 17
VisualStudioVersion = 17.7.34031.279
MinimumVisualStudioVersion = 10.0.40219.1
Project("{FAE04EC0-301F-11D3-BF4B-00C04F79EFBC}") = "media-player-windows", "media-player-windows\media-player-windows.csproj", "{3D44AEC9-8FD9-4B27-AAD1-CB50BB7F7AAC}"
EndProject
Global
	GlobalSection(SolutionConfigurationPlatforms) = preSolution
		Debug|Any CPU = Debug|Any CPU
		Release|Any CPU = Release|Any CPU
	EndGlobalSection
	GlobalSection(ProjectConfigurationPlatforms) = postSolution
		{3D44AEC9-8FD9-4B27-AAD1-CB50BB7F7AAC}.Debug|Any CPU.ActiveCfg = Debug|Any CPU
		{3D44AEC9-8FD9-4B27-AAD1-CB50BB7F7AAC}.Debug|Any CPU.Build.0 = Debug|Any CPU
		{3D44AEC9-8FD9-4B27-AAD1-CB50BB7F7AAC}.Release|Any CPU.ActiveCfg = Release|Any CPU
		{3D44AEC9-8FD9-4B27-AAD1-CB50BB7F7AAC}.Release|Any CPU.Build.0 = Release|Any CPU
	EndGlobalSection
	GlobalSection(SolutionProperties) = preSolution
		HideSolutionNode = FALSE
	EndGlobalSection
	GlobalSection(ExtensibilityGlobals) = postSolution
		SolutionGuid = {A9CCF855-AFA2-4768-9D50-FFACBDE84D9E}
	EndGlobalSection
EndGlobal
